<?xml version="1.0" encoding="utf-8"?>
<Project ToolsVersion="4.0" xmlns="http://schemas.microsoft.com/developer/msbuild/2003">
  <ItemGroup>
    <Filter Include="Source Files">
      <UniqueIdentifier>{4FC737F1-C7A5-4376-A066-2A32D752A2FF}</UniqueIdentifier>
      <Extensions>cpp;c;cc;cxx;c++;cppm;ixx;def;odl;idl;hpj;bat;asm;asmx</Extensions>
    </Filter>
    <Filter Include="Header Files">
      <UniqueIdentifier>{93995380-89BD-4b04-88EB-625FBE52EBFB}</UniqueIdentifier>
      <Extensions>h;hh;hpp;hxx;h++;hm;inl;inc;ipp;xsd</Extensions>
    </Filter>
    <Filter Include="Resource Files">
      <UniqueIdentifier>{67DA6AB6-F800-4c08-8B7A-83BB121AAD01}</UniqueIdentifier>
      <Extensions>rc;ico;cur;bmp;dlg;rc2;rct;bin;rgs;gif;jpg;jpeg;jpe;resx;tiff;tif;png;wav;mfcribbon-ms</Extensions>
    </Filter>
  </ItemGroup>
  <ItemGroup>
    <ClInclude Include="framework.h">
      <Filter>Header Files</Filter>
    </ClInclude>
    <ClInclude Include="pch.h">
      <Filter>Header Files</Filter>
    </ClInclude>
    <ClInclude Include="include\Clock.h">
      <Filter>Header Files</Filter>
    </ClInclude>
    <ClInclude Include="include\Controller.h">
      <Filter>Header Files</Filter>
    </ClInclude>
    <ClInclude Include="include\DebugHandler.h">
      <Filter>Header Files</Filter>
    </ClInclude>
    <ClInclude Include="include\GameClock.h">
      <Filter>Header Files</Filter>
    </ClInclude>
    <ClInclude Include="include\GameObject.h">
      <Filter>Header Files</Filter>
    </ClInclude>
    <ClInclude Include="include\GameObjectList.h">
      <Filter>Header Files</Filter>
    </ClInclude>
    <ClInclude Include="include\Graphics.h">
      <Filter>Header Files</Filter>
    </ClInclude>
    <ClInclude Include="include\Image.h">
      <Filter>Header Files</Filter>
    </ClInclude>
    <ClInclude Include="include\Input.h">
      <Filter>Header Files</Filter>
    </ClInclude>
    <ClInclude Include="include\PlayerController.h">
      <Filter>Header Files</Filter>
    </ClInclude>
    <ClInclude Include="include\Sound.h">
      <Filter>Header Files</Filter>
    </ClInclude>
    <ClInclude Include="include\SpriteBatch.h">
      <Filter>Header Files</Filter>
    </ClInclude>
    <ClInclude Include="include\Spritesheet.h">
      <Filter>Header Files</Filter>
    </ClInclude>
    <ClInclude Include="include\State.h">
      <Filter>Header Files</Filter>
    </ClInclude>
    <ClInclude Include="include\StateMachine.h">
      <Filter>Header Files</Filter>
    </ClInclude>
    <ClInclude Include="include\Time.h">
      <Filter>Header Files</Filter>
    </ClInclude>
    <ClInclude Include="include\World.h">
      <Filter>Header Files</Filter>
    </ClInclude>
    <ClInclude Include="include\components\Component.h">
      <Filter>Header Files</Filter>
    </ClInclude>
    <ClInclude Include="include\components\ImageComponent.h">
      <Filter>Header Files</Filter>
    </ClInclude>
    <ClInclude Include="include\components\InputComponent.h">
      <Filter>Header Files</Filter>
    </ClInclude>
    <ClInclude Include="include\data\Point.h">
      <Filter>Header Files</Filter>
    </ClInclude>
    <ClInclude Include="include\data\Vector3.h">
      <Filter>Header Files</Filter>
    </ClInclude>
    <ClInclude Include="include\external\json.hpp">
      <Filter>Header Files</Filter>
    </ClInclude>
    <ClInclude Include="include\TileMap.h">
      <Filter>Header Files</Filter>
    </ClInclude>
    <ClInclude Include="include\Tiled.h">
      <Filter>Header Files</Filter>
    </ClInclude>
    <ClInclude Include="include\Tile.h">
      <Filter>Header Files</Filter>
    </ClInclude>
    <ClInclude Include="include\animation\Animation.h">
      <Filter>Header Files</Filter>
    </ClInclude>
    <ClInclude Include="include\animation\AnimationController.h">
      <Filter>Header Files</Filter>
    </ClInclude>
    <ClInclude Include="include\components\AnimationComponent.h">
      <Filter>Header Files</Filter>
    </ClInclude>
    <ClInclude Include="include\interfaces\IUpdate.h">
      <Filter>Header Files</Filter>
    </ClInclude>
    <ClInclude Include="include\collision\Collision.h">
      <Filter>Header Files</Filter>
    </ClInclude>
    <ClInclude Include="BoxCollider.h">
      <Filter>Header Files</Filter>
    </ClInclude>
  </ItemGroup>
  <ItemGroup>
    <ClCompile Include="dllmain.cpp">
      <Filter>Source Files</Filter>
    </ClCompile>
    <ClCompile Include="pch.cpp">
      <Filter>Source Files</Filter>
    </ClCompile>
    <ClCompile Include="src\Clock.cpp">
      <Filter>Source Files</Filter>
    </ClCompile>
    <ClCompile Include="src\Controller.cpp">
      <Filter>Source Files</Filter>
    </ClCompile>
    <ClCompile Include="src\DebugHandler.cpp">
      <Filter>Source Files</Filter>
    </ClCompile>
    <ClCompile Include="src\GameClock.cpp">
      <Filter>Header Files</Filter>
    </ClCompile>
    <ClCompile Include="src\GameObject.cpp">
      <Filter>Source Files</Filter>
    </ClCompile>
    <ClCompile Include="src\GameObjectList.cpp">
      <Filter>Source Files</Filter>
    </ClCompile>
    <ClCompile Include="src\Graphics.cpp">
      <Filter>Source Files</Filter>
    </ClCompile>
    <ClCompile Include="src\Image.cpp">
      <Filter>Source Files</Filter>
    </ClCompile>
    <ClCompile Include="src\Input.cpp">
      <Filter>Source Files</Filter>
    </ClCompile>
    <ClCompile Include="src\PlayerController.cpp">
      <Filter>Source Files</Filter>
    </ClCompile>
    <ClCompile Include="src\Sound.cpp">
      <Filter>Source Files</Filter>
    </ClCompile>
    <ClCompile Include="src\SpriteBatch.cpp">
      <Filter>Source Files</Filter>
    </ClCompile>
    <ClCompile Include="src\Spritesheet.cpp">
      <Filter>Source Files</Filter>
    </ClCompile>
    <ClCompile Include="src\State.cpp">
      <Filter>Source Files</Filter>
    </ClCompile>
    <ClCompile Include="src\StateMachine.cpp">
      <Filter>Source Files</Filter>
    </ClCompile>
    <ClCompile Include="src\Time.cpp">
      <Filter>Source Files</Filter>
    </ClCompile>
    <ClCompile Include="src\World.cpp">
      <Filter>Source Files</Filter>
    </ClCompile>
    <ClCompile Include="src\components\ImageComponent.cpp">
      <Filter>Source Files</Filter>
    </ClCompile>
    <ClCompile Include="src\components\InputComponent.cpp">
      <Filter>Source Files</Filter>
    </ClCompile>
    <ClCompile Include="src\components\Component.cpp">
      <Filter>Source Files</Filter>
    </ClCompile>
    <ClCompile Include="src\data\Point.cpp">
      <Filter>Header Files</Filter>
    </ClCompile>
    <ClCompile Include="src\data\Vector3.cpp">
      <Filter>Source Files</Filter>
    </ClCompile>
    <ClCompile Include="src\TileMap.cpp">
      <Filter>Source Files</Filter>
    </ClCompile>
    <ClCompile Include="src\Tiled.cpp">
      <Filter>Source Files</Filter>
    </ClCompile>
    <ClCompile Include="src\Tile.cpp">
      <Filter>Source Files</Filter>
    </ClCompile>
    <ClCompile Include="src\components\AnimationComponent.cpp">
      <Filter>Source Files</Filter>
    </ClCompile>
    <ClCompile Include="src\animation\Animation.cpp">
      <Filter>Source Files</Filter>
    </ClCompile>
    <ClCompile Include="src\animation\AnimationController.cpp">
      <Filter>Source Files</Filter>
    </ClCompile>
    <ClCompile Include="src\interfaces\IUpdate.cpp">
      <Filter>Source Files</Filter>
    </ClCompile>
    <ClCompile Include="src\collision\Collision.cpp">
      <Filter>Source Files</Filter>
    </ClCompile>
    <ClCompile Include="BoxCollider.cpp">
      <Filter>Source Files</Filter>
    </ClCompile>
  </ItemGroup>
</Project>