<?xml version="1.0" encoding="utf-8"?>
<Project ToolsVersion="4.0" xmlns="http://schemas.microsoft.com/developer/msbuild/2003">
  <ItemGroup>
    <Filter Include="Source Files">
      <UniqueIdentifier>{4FC737F1-C7A5-4376-A066-2A32D752A2FF}</UniqueIdentifier>
      <Extensions>cpp;c;cc;cxx;c++;cppm;ixx;def;odl;idl;hpj;bat;asm;asmx</Extensions>
    </Filter>
    <Filter Include="Header Files">
      <UniqueIdentifier>{93995380-89BD-4b04-88EB-625FBE52EBFB}</UniqueIdentifier>
      <Extensions>h;hh;hpp;hxx;h++;hm;inl;inc;ipp;xsd</Extensions>
    </Filter>
    <Filter Include="Resource Files">
      <UniqueIdentifier>{67DA6AB6-F800-4c08-8B7A-83BB121AAD01}</UniqueIdentifier>
      <Extensions>rc;ico;cur;bmp;dlg;rc2;rct;bin;rgs;gif;jpg;jpeg;jpe;resx;tiff;tif;png;wav;mfcribbon-ms</Extensions>
    </Filter>
  </ItemGroup>
  <ItemGroup>
    <ClCompile Include="src\ZeldaWorld.cpp">
      <Filter>Source Files</Filter>
    </ClCompile>
    <ClCompile Include="src\ZeldaTiled.cpp">
      <Filter>Source Files</Filter>
    </ClCompile>
    <ClCompile Include="src\ZeldaLevel.cpp">
      <Filter>Source Files</Filter>
    </ClCompile>
    <ClCompile Include="src\states\Link\LinkStates.cpp">
      <Filter>Source Files</Filter>
    </ClCompile>
    <ClCompile Include="src\states\Link\LinkMovingState.cpp">
      <Filter>Source Files</Filter>
    </ClCompile>
    <ClCompile Include="src\states\Link\LinkSpawningState.cpp">
      <Filter>Source Files</Filter>
    </ClCompile>
    <ClCompile Include="src\animation\LinkAnimations\LinkAnimations.cpp">
      <Filter>Source Files</Filter>
    </ClCompile>
    <ClCompile Include="src\animation\LinkAnimations\LinkWalkingAnimation.cpp">
      <Filter>Source Files</Filter>
    </ClCompile>
    <ClCompile Include="src\animation\LinkAnimations\LinkAttackingAnimation.cpp">
      <Filter>Source Files</Filter>
    </ClCompile>
    <ClCompile Include="src\animation\LinkAnimations\LinkAnimationController.cpp">
      <Filter>Source Files</Filter>
    </ClCompile>
    <ClCompile Include="src\characters\Link.cpp">
      <Filter>Source Files</Filter>
    </ClCompile>
    <ClCompile Include="src\levels\DebugRoomLevel.cpp">
      <Filter>Source Files</Filter>
    </ClCompile>
    <ClCompile Include="src\states\Link\LinkAttackingState.cpp">
      <Filter>Source Files</Filter>
    </ClCompile>
    <ClCompile Include="src\items\Weapon.cpp">
      <Filter>Source Files</Filter>
    </ClCompile>
    <ClCompile Include="src\items\WoodSwordWeapon.cpp">
      <Filter>Source Files</Filter>
    </ClCompile>
    <ClCompile Include="src\characters\RedOctorok.cpp">
      <Filter>Source Files</Filter>
    </ClCompile>
    <ClCompile Include="src\animation\RedOctorokAnimations\RedOctorokAnimationController.cpp">
      <Filter>Source Files</Filter>
    </ClCompile>
    <ClCompile Include="src\animation\RedOctorokAnimations\RedOctorokAnimations.cpp">
      <Filter>Source Files</Filter>
    </ClCompile>
    <ClCompile Include="src\animation\RedOctorokAnimations\RecOctorokWalkingAnimation.cpp">
      <Filter>Source Files</Filter>
    </ClCompile>
    <ClCompile Include="src\states\RedOctorok\RedOctorokStates.cpp">
      <Filter>Source Files</Filter>
    </ClCompile>
    <ClCompile Include="src\states\RedOctorok\RedOctorokAttackingState.cpp">
      <Filter>Source Files</Filter>
    </ClCompile>
    <ClCompile Include="src\states\RedOctorok\RedOctorokMovingState.cpp">
      <Filter>Source Files</Filter>
    </ClCompile>
    <ClCompile Include="src\states\RedOctorok\RedOctorokSpawningState.cpp">
      <Filter>Source Files</Filter>
    </ClCompile>
    <ClCompile Include="src\interfaces\ITakeDamage.cpp">
      <Filter>Source Files</Filter>
    </ClCompile>
    <ClCompile Include="src\interfaces\IGiveDamage.cpp">
      <Filter>Source Files</Filter>
    </ClCompile>
    <ClCompile Include="Damage.cpp">
      <Filter>Source Files</Filter>
    </ClCompile>
  </ItemGroup>
  <ItemGroup>
    <ClInclude Include="include\ZeldaWorld.h">
      <Filter>Header Files</Filter>
    </ClInclude>
    <ClInclude Include="include\ZeldaTiled.h">
      <Filter>Header Files</Filter>
    </ClInclude>
    <ClInclude Include="include\ZeldaLevel.h">
      <Filter>Header Files</Filter>
    </ClInclude>
    <ClInclude Include="include\states\Link\LinkStates.h">
      <Filter>Header Files</Filter>
    </ClInclude>
    <ClInclude Include="include\states\Link\LinkMovingState.h">
      <Filter>Header Files</Filter>
    </ClInclude>
    <ClInclude Include="include\states\Link\LinkSpawningState.h">
      <Filter>Header Files</Filter>
    </ClInclude>
    <ClInclude Include="include\animation\LinkAnimations\LinkAnimations.h">
      <Filter>Header Files</Filter>
    </ClInclude>
    <ClInclude Include="include\animation\LinkAnimations\LinkAttackingAnimation.h">
      <Filter>Header Files</Filter>
    </ClInclude>
    <ClInclude Include="include\animation\LinkAnimations\LinkWalkingAnimation.h">
      <Filter>Header Files</Filter>
    </ClInclude>
    <ClInclude Include="include\animation\LinkAnimations\LinkAnimationController.h">
      <Filter>Header Files</Filter>
    </ClInclude>
    <ClInclude Include="include\characters\Link.h">
      <Filter>Header Files</Filter>
    </ClInclude>
    <ClInclude Include="include\levels\DebugRoomLevel.h">
      <Filter>Header Files</Filter>
    </ClInclude>
    <ClInclude Include="include\states\Link\LinkAttackingState.h">
      <Filter>Header Files</Filter>
    </ClInclude>
    <ClInclude Include="include\items\Weapon.h">
      <Filter>Header Files</Filter>
    </ClInclude>
    <ClInclude Include="include\items\WoodSwordWeapon.h">
      <Filter>Header Files</Filter>
    </ClInclude>
    <ClInclude Include="include\characters\RedOctorok.h">
      <Filter>Header Files</Filter>
    </ClInclude>
    <ClInclude Include="include\animation\RedOctorokAnimations\RedOctorokAnimationController.h">
      <Filter>Header Files</Filter>
    </ClInclude>
    <ClInclude Include="include\animation\RedOctorokAnimations\RedOctorokAnimations.h">
      <Filter>Header Files</Filter>
    </ClInclude>
    <ClInclude Include="include\animation\RedOctorokAnimations\RecOctorokWalkingAnimation.h">
      <Filter>Header Files</Filter>
    </ClInclude>
    <ClInclude Include="include\states\RedOctorok\RedOctorokStates.h">
      <Filter>Header Files</Filter>
    </ClInclude>
    <ClInclude Include="include\states\RedOctorok\RedOctorokAttackingState.h">
      <Filter>Header Files</Filter>
    </ClInclude>
    <ClInclude Include="include\states\RedOctorok\RedOctorokMovingState.h">
      <Filter>Header Files</Filter>
    </ClInclude>
    <ClInclude Include="include\states\RedOctorok\RedOctorokSpawningState.h">
      <Filter>Header Files</Filter>
    </ClInclude>
    <ClInclude Include="include\interfaces\ITakeDamage.h">
      <Filter>Header Files</Filter>
    </ClInclude>
    <ClInclude Include="include\interfaces\IGiveDamage.h">
      <Filter>Header Files</Filter>
    </ClInclude>
    <ClInclude Include="Damage.h">
      <Filter>Header Files</Filter>
    </ClInclude>
  </ItemGroup>
  <ItemGroup>
    <Image Include="assets\graphics\Hero.png">
      <Filter>Resource Files</Filter>
    </Image>
    <Image Include="assets\graphics\Link_Movement.png">
      <Filter>Resource Files</Filter>
    </Image>
  </ItemGroup>
</Project>